
Microsoft Visual Studio Solution File, Format Version 12.00
Project("{FAE04EC0-301F-11D3-BF4B-00C04F79EFBC}") = "cp1", "CPs_ano2_sem2\cp1.csproj", "{44D06F84-819A-4C90-918C-72222E950E96}"
EndProject
Global
	GlobalSection(SolutionConfigurationPlatforms) = preSolution
		Debug|Any CPU = Debug|Any CPU
		Release|Any CPU = Release|Any CPU
	EndGlobalSection
	GlobalSection(ProjectConfigurationPlatforms) = postSolution
		{44D06F84-819A-4C90-918C-72222E950E96}.Debug|Any CPU.ActiveCfg = Debug|Any CPU
		{44D06F84-819A-4C90-918C-72222E950E96}.Debug|Any CPU.Build.0 = Debug|Any CPU
		{44D06F84-819A-4C90-918C-72222E950E96}.Release|Any CPU.ActiveCfg = Release|Any CPU
		{44D06F84-819A-4C90-918C-72222E950E96}.Release|Any CPU.Build.0 = Release|Any CPU
	EndGlobalSection
EndGlobal
